
Microsoft Visual Studio Solution File, Format Version 12.00
# Visual Studio Version 16
VisualStudioVersion = 16.0.31624.102
MinimumVisualStudioVersion = 10.0.40219.1
Project("{9A19103F-16F7-4668-BE54-9A1E7A4F7556}") = "DIO.Bank", "DIO.Bank.csproj", "{75A9FDB7-463F-4B67-AEAC-A6D559976930}"
EndProject
Global
	GlobalSection(SolutionConfigurationPlatforms) = preSolution
		Debug|Any CPU = Debug|Any CPU
		Release|Any CPU = Release|Any CPU
	EndGlobalSection
	GlobalSection(ProjectConfigurationPlatforms) = postSolution
		{75A9FDB7-463F-4B67-AEAC-A6D559976930}.Debug|Any CPU.ActiveCfg = Debug|Any CPU
		{75A9FDB7-463F-4B67-AEAC-A6D559976930}.Debug|Any CPU.Build.0 = Debug|Any CPU
		{75A9FDB7-463F-4B67-AEAC-A6D559976930}.Release|Any CPU.ActiveCfg = Release|Any CPU
		{75A9FDB7-463F-4B67-AEAC-A6D559976930}.Release|Any CPU.Build.0 = Release|Any CPU
	EndGlobalSection
	GlobalSection(SolutionProperties) = preSolution
		HideSolutionNode = FALSE
	EndGlobalSection
	GlobalSection(ExtensibilityGlobals) = postSolution
		SolutionGuid = {80802A0E-82AB-4EAF-ABF0-186CFBB8009B}
	EndGlobalSection
EndGlobal
